
Microsoft Visual Studio Solution File, Format Version 12.00
Project("{2150E333-8FDC-42A3-9474-1A3956D46DE8}") = "Frontend", "Frontend", "{3F0616BB-BD1D-4466-9A8D-E68D7E5903B1}"
EndProject
Project("{2150E333-8FDC-42A3-9474-1A3956D46DE8}") = "Shared", "Shared", "{3F346F4F-7103-4EEC-8D64-65769713E17E}"
EndProject
Project("{FAE04EC0-301F-11D3-BF4B-00C04F79EFBC}") = "CISO.Shared", "Shared\CISO.Shared\CISO.Shared.csproj", "{F4BE0508-2FB8-4E81-99D5-76AE4F546BAA}"
EndProject
Project("{2150E333-8FDC-42A3-9474-1A3956D46DE8}") = "STZ", "STZ", "{CEE5B123-183D-4C12-9DDD-B57F64AF88BC}"
EndProject
Project("{2150E333-8FDC-42A3-9474-1A3956D46DE8}") = "Generals", "Generals", "{21789A7D-C41D-4136-A2C3-EA387FEAEEB4}"
EndProject
Project("{FAE04EC0-301F-11D3-BF4B-00C04F79EFBC}") = "STZ.Frontend", "..\STZ\STZ.Frontend\STZ.Frontend.csproj", "{C4733CFB-FFB4-4F05-8E1B-03AA2935FC6F}"
EndProject
Project("{FAE04EC0-301F-11D3-BF4B-00C04F79EFBC}") = "STZ.Shared", "..\STZ\STZ.Shared\STZ.Shared.csproj", "{2401A49B-169B-457C-B2E6-BAF7B6E76646}"
EndProject
Project("{2150E333-8FDC-42A3-9474-1A3956D46DE8}") = "Management", "Management", "{E38CBA36-E863-4ADE-8C7F-EFD1743170EF}"
EndProject
Project("{FAE04EC0-301F-11D3-BF4B-00C04F79EFBC}") = "CISO.ManagementService.Shared", "CISO.ManagementService.Shared\CISO.ManagementService.Shared.csproj", "{9E11CE0E-91E8-48A0-B14F-5B19C4244CC2}"
EndProject
Project("{2150E333-8FDC-42A3-9474-1A3956D46DE8}") = "ApiGateway", "ApiGateway", "{4D28BA72-58CC-4904-ACEA-976513CA72D3}"
EndProject
Project("{FAE04EC0-301F-11D3-BF4B-00C04F79EFBC}") = "CISO.ApiGateway", "CISO.ApiGateway\CISO.ApiGateway.csproj", "{B44CDA3A-C2DD-495D-A11B-F4450BD7AE10}"
EndProject
Project("{FAE04EC0-301F-11D3-BF4B-00C04F79EFBC}") = "CISO.ManagementService.Backend", "CISO.ManagementService.Backend\CISO.ManagementService.Backend.csproj", "{0351FC84-38CF-47FA-A4A9-4D78DBBF666E}"
EndProject
Project("{FAE04EC0-301F-11D3-BF4B-00C04F79EFBC}") = "CISO.ManagementService.Access", "CISO.ManagementService.Access\CISO.ManagementService.Access.csproj", "{8A297A1B-60A4-4B9C-92D0-0D888DC7605C}"
EndProject
Project("{FAE04EC0-301F-11D3-BF4B-00C04F79EFBC}") = "CISO.ManagementService.Frontend", "CISO.ManagementService.Frontend\CISO.ManagementService.Frontend.csproj", "{46FC5892-6ECA-4D8F-BFD0-D2B2A5438380}"
EndProject
Project("{FAE04EC0-301F-11D3-BF4B-00C04F79EFBC}") = "CISO.Frontend", "CISO.Frontend\CISO.Frontend\CISO.Frontend.csproj", "{4AABDF4E-6043-48D9-9996-BCD4316D73AF}"
EndProject
Project("{FAE04EC0-301F-11D3-BF4B-00C04F79EFBC}") = "CISO.Frontend.Client", "CISO.Frontend\CISO.Frontend.Client\CISO.Frontend.Client.csproj", "{850B9EB9-101D-4279-95A1-192524C4A2D0}"
EndProject
Project("{FAE04EC0-301F-11D3-BF4B-00C04F79EFBC}") = "STZ.Backend", "..\STZ\STZ.Backend\STZ.Backend.csproj", "{D303A903-14ED-45D1-8EF7-33F09D218532}"
EndProject
Project("{2150E333-8FDC-42A3-9474-1A3956D46DE8}") = "Localization", "Localization", "{0A347CAE-27F0-4273-9DCE-7CF6B635736F}"
EndProject
Project("{FAE04EC0-301F-11D3-BF4B-00C04F79EFBC}") = "STZ.LocalizationService.Access", "..\STZ\STZ.LocalizationService\STZ.LocalizationService.Access\STZ.LocalizationService.Access.csproj", "{86D08494-2888-4F0A-95AE-9AD67A8113C2}"
EndProject
Project("{FAE04EC0-301F-11D3-BF4B-00C04F79EFBC}") = "STZ.LocalizationService.Backend", "..\STZ\STZ.LocalizationService\STZ.LocalizationService.Backend\STZ.LocalizationService.Backend.csproj", "{6AA0F4F8-464D-4CA9-B67E-50C0E036C592}"
EndProject
Project("{2150E333-8FDC-42A3-9474-1A3956D46DE8}") = "Evidence", "Evidence", "{F1F2ED1E-B7CA-4DCD-8945-05944C256E36}"
EndProject
Project("{FAE04EC0-301F-11D3-BF4B-00C04F79EFBC}") = "CISO.EvidenceService.Shared", "CISO.EvidenceService.Shared\CISO.EvidenceService.Shared.csproj", "{F0F08BD8-6052-4054-8713-1EBF57A480C5}"
EndProject
Project("{FAE04EC0-301F-11D3-BF4B-00C04F79EFBC}") = "CISO.EvidenceService.Backend", "CISO.EvidenceService.Backend\CISO.EvidenceService.Backend.csproj", "{9F099CFB-73CF-4B69-B42E-624601801532}"
EndProject
Project("{FAE04EC0-301F-11D3-BF4B-00C04F79EFBC}") = "CISO.EvidenceService.Access", "CISO.EvidenceService.Access\CISO.EvidenceService.Access.csproj", "{990856AD-0A55-4A77-B744-5C067D133C28}"
EndProject
Project("{2150E333-8FDC-42A3-9474-1A3956D46DE8}") = "Audit", "Audit", "{F644F972-6165-4F1E-9F00-B7D75D42631C}"
EndProject
Project("{FAE04EC0-301F-11D3-BF4B-00C04F79EFBC}") = "CISO.AuditService.Access", "CISO.AuditService.Access\CISO.AuditService.Access.csproj", "{EE2644DA-C81A-4AB4-908E-6350A585FF83}"
EndProject
Project("{FAE04EC0-301F-11D3-BF4B-00C04F79EFBC}") = "CISO.AuditService.Shared", "CISO.AuditService.Shared\CISO.AuditService.Shared.csproj", "{B01D5999-2334-4127-9543-89DA265DD5A0}"
EndProject
Project("{FAE04EC0-301F-11D3-BF4B-00C04F79EFBC}") = "CISO.AuditService.Backend", "CISO.AuditService.Backend\CISO.AuditService.Backend.csproj", "{28A33E5C-78CD-4743-BBB3-8E4E149662D8}"
EndProject
Project("{FAE04EC0-301F-11D3-BF4B-00C04F79EFBC}") = "CISO.AuditService.Frontend", "CISO.AuditService.Frontend\CISO.AuditService.Frontend.csproj", "{C89CA9ED-4481-46AA-8190-557691761C02}"
EndProject
Global
	GlobalSection(SolutionConfigurationPlatforms) = preSolution
		Debug|Any CPU = Debug|Any CPU
		Release|Any CPU = Release|Any CPU
	EndGlobalSection
	GlobalSection(NestedProjects) = preSolution
		{F4BE0508-2FB8-4E81-99D5-76AE4F546BAA} = {3F346F4F-7103-4EEC-8D64-65769713E17E}
		{21789A7D-C41D-4136-A2C3-EA387FEAEEB4} = {CEE5B123-183D-4C12-9DDD-B57F64AF88BC}
		{C4733CFB-FFB4-4F05-8E1B-03AA2935FC6F} = {21789A7D-C41D-4136-A2C3-EA387FEAEEB4}
		{2401A49B-169B-457C-B2E6-BAF7B6E76646} = {21789A7D-C41D-4136-A2C3-EA387FEAEEB4}
		{9E11CE0E-91E8-48A0-B14F-5B19C4244CC2} = {E38CBA36-E863-4ADE-8C7F-EFD1743170EF}
		{B44CDA3A-C2DD-495D-A11B-F4450BD7AE10} = {4D28BA72-58CC-4904-ACEA-976513CA72D3}
		{0351FC84-38CF-47FA-A4A9-4D78DBBF666E} = {E38CBA36-E863-4ADE-8C7F-EFD1743170EF}
		{8A297A1B-60A4-4B9C-92D0-0D888DC7605C} = {E38CBA36-E863-4ADE-8C7F-EFD1743170EF}
		{46FC5892-6ECA-4D8F-BFD0-D2B2A5438380} = {E38CBA36-E863-4ADE-8C7F-EFD1743170EF}
		{4AABDF4E-6043-48D9-9996-BCD4316D73AF} = {3F0616BB-BD1D-4466-9A8D-E68D7E5903B1}
		{850B9EB9-101D-4279-95A1-192524C4A2D0} = {3F0616BB-BD1D-4466-9A8D-E68D7E5903B1}
		{D303A903-14ED-45D1-8EF7-33F09D218532} = {21789A7D-C41D-4136-A2C3-EA387FEAEEB4}
		{86D08494-2888-4F0A-95AE-9AD67A8113C2} = {0A347CAE-27F0-4273-9DCE-7CF6B635736F}
		{0A347CAE-27F0-4273-9DCE-7CF6B635736F} = {CEE5B123-183D-4C12-9DDD-B57F64AF88BC}
		{6AA0F4F8-464D-4CA9-B67E-50C0E036C592} = {0A347CAE-27F0-4273-9DCE-7CF6B635736F}
		{F0F08BD8-6052-4054-8713-1EBF57A480C5} = {F1F2ED1E-B7CA-4DCD-8945-05944C256E36}
		{9F099CFB-73CF-4B69-B42E-624601801532} = {F1F2ED1E-B7CA-4DCD-8945-05944C256E36}
		{990856AD-0A55-4A77-B744-5C067D133C28} = {F1F2ED1E-B7CA-4DCD-8945-05944C256E36}
		{EE2644DA-C81A-4AB4-908E-6350A585FF83} = {F644F972-6165-4F1E-9F00-B7D75D42631C}
		{B01D5999-2334-4127-9543-89DA265DD5A0} = {F644F972-6165-4F1E-9F00-B7D75D42631C}
		{28A33E5C-78CD-4743-BBB3-8E4E149662D8} = {F644F972-6165-4F1E-9F00-B7D75D42631C}
		{C89CA9ED-4481-46AA-8190-557691761C02} = {F644F972-6165-4F1E-9F00-B7D75D42631C}
	EndGlobalSection
	GlobalSection(ProjectConfigurationPlatforms) = postSolution
		{F4BE0508-2FB8-4E81-99D5-76AE4F546BAA}.Debug|Any CPU.ActiveCfg = Debug|Any CPU
		{F4BE0508-2FB8-4E81-99D5-76AE4F546BAA}.Debug|Any CPU.Build.0 = Debug|Any CPU
		{F4BE0508-2FB8-4E81-99D5-76AE4F546BAA}.Release|Any CPU.ActiveCfg = Release|Any CPU
		{F4BE0508-2FB8-4E81-99D5-76AE4F546BAA}.Release|Any CPU.Build.0 = Release|Any CPU
		{C4733CFB-FFB4-4F05-8E1B-03AA2935FC6F}.Debug|Any CPU.ActiveCfg = Debug|Any CPU
		{C4733CFB-FFB4-4F05-8E1B-03AA2935FC6F}.Debug|Any CPU.Build.0 = Debug|Any CPU
		{C4733CFB-FFB4-4F05-8E1B-03AA2935FC6F}.Release|Any CPU.ActiveCfg = Release|Any CPU
		{C4733CFB-FFB4-4F05-8E1B-03AA2935FC6F}.Release|Any CPU.Build.0 = Release|Any CPU
		{2401A49B-169B-457C-B2E6-BAF7B6E76646}.Debug|Any CPU.ActiveCfg = Debug|Any CPU
		{2401A49B-169B-457C-B2E6-BAF7B6E76646}.Debug|Any CPU.Build.0 = Debug|Any CPU
		{2401A49B-169B-457C-B2E6-BAF7B6E76646}.Release|Any CPU.ActiveCfg = Release|Any CPU
		{2401A49B-169B-457C-B2E6-BAF7B6E76646}.Release|Any CPU.Build.0 = Release|Any CPU
		{9E11CE0E-91E8-48A0-B14F-5B19C4244CC2}.Debug|Any CPU.ActiveCfg = Debug|Any CPU
		{9E11CE0E-91E8-48A0-B14F-5B19C4244CC2}.Debug|Any CPU.Build.0 = Debug|Any CPU
		{9E11CE0E-91E8-48A0-B14F-5B19C4244CC2}.Release|Any CPU.ActiveCfg = Release|Any CPU
		{9E11CE0E-91E8-48A0-B14F-5B19C4244CC2}.Release|Any CPU.Build.0 = Release|Any CPU
		{B44CDA3A-C2DD-495D-A11B-F4450BD7AE10}.Debug|Any CPU.ActiveCfg = Debug|Any CPU
		{B44CDA3A-C2DD-495D-A11B-F4450BD7AE10}.Debug|Any CPU.Build.0 = Debug|Any CPU
		{B44CDA3A-C2DD-495D-A11B-F4450BD7AE10}.Release|Any CPU.ActiveCfg = Release|Any CPU
		{B44CDA3A-C2DD-495D-A11B-F4450BD7AE10}.Release|Any CPU.Build.0 = Release|Any CPU
		{0351FC84-38CF-47FA-A4A9-4D78DBBF666E}.Debug|Any CPU.ActiveCfg = Debug|Any CPU
		{0351FC84-38CF-47FA-A4A9-4D78DBBF666E}.Debug|Any CPU.Build.0 = Debug|Any CPU
		{0351FC84-38CF-47FA-A4A9-4D78DBBF666E}.Release|Any CPU.ActiveCfg = Release|Any CPU
		{0351FC84-38CF-47FA-A4A9-4D78DBBF666E}.Release|Any CPU.Build.0 = Release|Any CPU
		{8A297A1B-60A4-4B9C-92D0-0D888DC7605C}.Debug|Any CPU.ActiveCfg = Debug|Any CPU
		{8A297A1B-60A4-4B9C-92D0-0D888DC7605C}.Debug|Any CPU.Build.0 = Debug|Any CPU
		{8A297A1B-60A4-4B9C-92D0-0D888DC7605C}.Release|Any CPU.ActiveCfg = Release|Any CPU
		{8A297A1B-60A4-4B9C-92D0-0D888DC7605C}.Release|Any CPU.Build.0 = Release|Any CPU
		{46FC5892-6ECA-4D8F-BFD0-D2B2A5438380}.Debug|Any CPU.ActiveCfg = Debug|Any CPU
		{46FC5892-6ECA-4D8F-BFD0-D2B2A5438380}.Debug|Any CPU.Build.0 = Debug|Any CPU
		{46FC5892-6ECA-4D8F-BFD0-D2B2A5438380}.Release|Any CPU.ActiveCfg = Release|Any CPU
		{46FC5892-6ECA-4D8F-BFD0-D2B2A5438380}.Release|Any CPU.Build.0 = Release|Any CPU
		{4AABDF4E-6043-48D9-9996-BCD4316D73AF}.Debug|Any CPU.ActiveCfg = Debug|Any CPU
		{4AABDF4E-6043-48D9-9996-BCD4316D73AF}.Debug|Any CPU.Build.0 = Debug|Any CPU
		{4AABDF4E-6043-48D9-9996-BCD4316D73AF}.Release|Any CPU.ActiveCfg = Release|Any CPU
		{4AABDF4E-6043-48D9-9996-BCD4316D73AF}.Release|Any CPU.Build.0 = Release|Any CPU
		{850B9EB9-101D-4279-95A1-192524C4A2D0}.Debug|Any CPU.ActiveCfg = Debug|Any CPU
		{850B9EB9-101D-4279-95A1-192524C4A2D0}.Debug|Any CPU.Build.0 = Debug|Any CPU
		{850B9EB9-101D-4279-95A1-192524C4A2D0}.Release|Any CPU.ActiveCfg = Release|Any CPU
		{850B9EB9-101D-4279-95A1-192524C4A2D0}.Release|Any CPU.Build.0 = Release|Any CPU
		{D303A903-14ED-45D1-8EF7-33F09D218532}.Debug|Any CPU.ActiveCfg = Debug|Any CPU
		{D303A903-14ED-45D1-8EF7-33F09D218532}.Debug|Any CPU.Build.0 = Debug|Any CPU
		{D303A903-14ED-45D1-8EF7-33F09D218532}.Release|Any CPU.ActiveCfg = Release|Any CPU
		{D303A903-14ED-45D1-8EF7-33F09D218532}.Release|Any CPU.Build.0 = Release|Any CPU
		{86D08494-2888-4F0A-95AE-9AD67A8113C2}.Debug|Any CPU.ActiveCfg = Debug|Any CPU
		{86D08494-2888-4F0A-95AE-9AD67A8113C2}.Debug|Any CPU.Build.0 = Debug|Any CPU
		{86D08494-2888-4F0A-95AE-9AD67A8113C2}.Release|Any CPU.ActiveCfg = Release|Any CPU
		{86D08494-2888-4F0A-95AE-9AD67A8113C2}.Release|Any CPU.Build.0 = Release|Any CPU
		{6AA0F4F8-464D-4CA9-B67E-50C0E036C592}.Debug|Any CPU.ActiveCfg = Debug|Any CPU
		{6AA0F4F8-464D-4CA9-B67E-50C0E036C592}.Debug|Any CPU.Build.0 = Debug|Any CPU
		{6AA0F4F8-464D-4CA9-B67E-50C0E036C592}.Release|Any CPU.ActiveCfg = Release|Any CPU
		{6AA0F4F8-464D-4CA9-B67E-50C0E036C592}.Release|Any CPU.Build.0 = Release|Any CPU
		{F0F08BD8-6052-4054-8713-1EBF57A480C5}.Debug|Any CPU.ActiveCfg = Debug|Any CPU
		{F0F08BD8-6052-4054-8713-1EBF57A480C5}.Debug|Any CPU.Build.0 = Debug|Any CPU
		{F0F08BD8-6052-4054-8713-1EBF57A480C5}.Release|Any CPU.ActiveCfg = Release|Any CPU
		{F0F08BD8-6052-4054-8713-1EBF57A480C5}.Release|Any CPU.Build.0 = Release|Any CPU
		{9F099CFB-73CF-4B69-B42E-624601801532}.Debug|Any CPU.ActiveCfg = Debug|Any CPU
		{9F099CFB-73CF-4B69-B42E-624601801532}.Debug|Any CPU.Build.0 = Debug|Any CPU
		{9F099CFB-73CF-4B69-B42E-624601801532}.Release|Any CPU.ActiveCfg = Release|Any CPU
		{9F099CFB-73CF-4B69-B42E-624601801532}.Release|Any CPU.Build.0 = Release|Any CPU
		{990856AD-0A55-4A77-B744-5C067D133C28}.Debug|Any CPU.ActiveCfg = Debug|Any CPU
		{990856AD-0A55-4A77-B744-5C067D133C28}.Debug|Any CPU.Build.0 = Debug|Any CPU
		{990856AD-0A55-4A77-B744-5C067D133C28}.Release|Any CPU.ActiveCfg = Release|Any CPU
		{990856AD-0A55-4A77-B744-5C067D133C28}.Release|Any CPU.Build.0 = Release|Any CPU
		{EE2644DA-C81A-4AB4-908E-6350A585FF83}.Debug|Any CPU.ActiveCfg = Debug|Any CPU
		{EE2644DA-C81A-4AB4-908E-6350A585FF83}.Debug|Any CPU.Build.0 = Debug|Any CPU
		{EE2644DA-C81A-4AB4-908E-6350A585FF83}.Release|Any CPU.ActiveCfg = Release|Any CPU
		{EE2644DA-C81A-4AB4-908E-6350A585FF83}.Release|Any CPU.Build.0 = Release|Any CPU
		{B01D5999-2334-4127-9543-89DA265DD5A0}.Debug|Any CPU.ActiveCfg = Debug|Any CPU
		{B01D5999-2334-4127-9543-89DA265DD5A0}.Debug|Any CPU.Build.0 = Debug|Any CPU
		{B01D5999-2334-4127-9543-89DA265DD5A0}.Release|Any CPU.ActiveCfg = Release|Any CPU
		{B01D5999-2334-4127-9543-89DA265DD5A0}.Release|Any CPU.Build.0 = Release|Any CPU
		{28A33E5C-78CD-4743-BBB3-8E4E149662D8}.Debug|Any CPU.ActiveCfg = Debug|Any CPU
		{28A33E5C-78CD-4743-BBB3-8E4E149662D8}.Debug|Any CPU.Build.0 = Debug|Any CPU
		{28A33E5C-78CD-4743-BBB3-8E4E149662D8}.Release|Any CPU.ActiveCfg = Release|Any CPU
		{28A33E5C-78CD-4743-BBB3-8E4E149662D8}.Release|Any CPU.Build.0 = Release|Any CPU
		{C89CA9ED-4481-46AA-8190-557691761C02}.Debug|Any CPU.ActiveCfg = Debug|Any CPU
		{C89CA9ED-4481-46AA-8190-557691761C02}.Debug|Any CPU.Build.0 = Debug|Any CPU
		{C89CA9ED-4481-46AA-8190-557691761C02}.Release|Any CPU.ActiveCfg = Release|Any CPU
		{C89CA9ED-4481-46AA-8190-557691761C02}.Release|Any CPU.Build.0 = Release|Any CPU
	EndGlobalSection
EndGlobal
